
Microsoft Visual Studio Solution File, Format Version 12.00
# Visual Studio 15
VisualStudioVersion = 15.0.26124.0
MinimumVisualStudioVersion = 15.0.26124.0
Project("{FAE04EC0-301F-11D3-BF4B-00C04F79EFBC}") = "SMSVerifyLib", "SMSVerifyLib\SMSVerifyLib.csproj", "{EBE9D29F-C0CC-41BA-8D2B-CD47C25A64FC}"
EndProject
Project("{FAE04EC0-301F-11D3-BF4B-00C04F79EFBC}") = "SMSTests", "SMSTests\SMSTests.csproj", "{08950521-9623-4E65-B304-1E233EDF68E0}"
EndProject
Global
	GlobalSection(SolutionConfigurationPlatforms) = preSolution
		Debug|Any CPU = Debug|Any CPU
		Debug|x64 = Debug|x64
		Debug|x86 = Debug|x86
		Release|Any CPU = Release|Any CPU
		Release|x64 = Release|x64
		Release|x86 = Release|x86
	EndGlobalSection
	GlobalSection(SolutionProperties) = preSolution
		HideSolutionNode = FALSE
	EndGlobalSection
	GlobalSection(ProjectConfigurationPlatforms) = postSolution
		{EBE9D29F-C0CC-41BA-8D2B-CD47C25A64FC}.Debug|Any CPU.ActiveCfg = Debug|Any CPU
		{EBE9D29F-C0CC-41BA-8D2B-CD47C25A64FC}.Debug|Any CPU.Build.0 = Debug|Any CPU
		{EBE9D29F-C0CC-41BA-8D2B-CD47C25A64FC}.Debug|x64.ActiveCfg = Debug|Any CPU
		{EBE9D29F-C0CC-41BA-8D2B-CD47C25A64FC}.Debug|x64.Build.0 = Debug|Any CPU
		{EBE9D29F-C0CC-41BA-8D2B-CD47C25A64FC}.Debug|x86.ActiveCfg = Debug|Any CPU
		{EBE9D29F-C0CC-41BA-8D2B-CD47C25A64FC}.Debug|x86.Build.0 = Debug|Any CPU
		{EBE9D29F-C0CC-41BA-8D2B-CD47C25A64FC}.Release|Any CPU.ActiveCfg = Release|Any CPU
		{EBE9D29F-C0CC-41BA-8D2B-CD47C25A64FC}.Release|Any CPU.Build.0 = Release|Any CPU
		{EBE9D29F-C0CC-41BA-8D2B-CD47C25A64FC}.Release|x64.ActiveCfg = Release|Any CPU
		{EBE9D29F-C0CC-41BA-8D2B-CD47C25A64FC}.Release|x64.Build.0 = Release|Any CPU
		{EBE9D29F-C0CC-41BA-8D2B-CD47C25A64FC}.Release|x86.ActiveCfg = Release|Any CPU
		{EBE9D29F-C0CC-41BA-8D2B-CD47C25A64FC}.Release|x86.Build.0 = Release|Any CPU
		{08950521-9623-4E65-B304-1E233EDF68E0}.Debug|Any CPU.ActiveCfg = Debug|Any CPU
		{08950521-9623-4E65-B304-1E233EDF68E0}.Debug|Any CPU.Build.0 = Debug|Any CPU
		{08950521-9623-4E65-B304-1E233EDF68E0}.Debug|x64.ActiveCfg = Debug|Any CPU
		{08950521-9623-4E65-B304-1E233EDF68E0}.Debug|x64.Build.0 = Debug|Any CPU
		{08950521-9623-4E65-B304-1E233EDF68E0}.Debug|x86.ActiveCfg = Debug|Any CPU
		{08950521-9623-4E65-B304-1E233EDF68E0}.Debug|x86.Build.0 = Debug|Any CPU
		{08950521-9623-4E65-B304-1E233EDF68E0}.Release|Any CPU.ActiveCfg = Release|Any CPU
		{08950521-9623-4E65-B304-1E233EDF68E0}.Release|Any CPU.Build.0 = Release|Any CPU
		{08950521-9623-4E65-B304-1E233EDF68E0}.Release|x64.ActiveCfg = Release|Any CPU
		{08950521-9623-4E65-B304-1E233EDF68E0}.Release|x64.Build.0 = Release|Any CPU
		{08950521-9623-4E65-B304-1E233EDF68E0}.Release|x86.ActiveCfg = Release|Any CPU
		{08950521-9623-4E65-B304-1E233EDF68E0}.Release|x86.Build.0 = Release|Any CPU
	EndGlobalSection
EndGlobal
